<?xml version="1.0" encoding="utf-8"?>
<Project ToolsVersion="4.0" xmlns="http://schemas.microsoft.com/developer/msbuild/2003">
  <ItemGroup>
    <Filter Include="Source Files">
      <UniqueIdentifier>{4FC737F1-C7A5-4376-A066-2A32D752A2FF}</UniqueIdentifier>
      <Extensions>cpp;c;cc;cxx;def;odl;idl;hpj;bat;asm;asmx</Extensions>
    </Filter>
    <Filter Include="Header Files">
      <UniqueIdentifier>{93995380-89BD-4b04-88EB-625FBE52EBFB}</UniqueIdentifier>
      <Extensions>h;hh;hpp;hxx;hm;inl;inc;xsd</Extensions>
    </Filter>
    <Filter Include="Resource Files">
      <UniqueIdentifier>{67DA6AB6-F800-4c08-8B7A-83BB121AAD01}</UniqueIdentifier>
      <Extensions>rc;ico;cur;bmp;dlg;rc2;rct;bin;rgs;gif;jpg;jpeg;jpe;resx;tiff;tif;png;wav;mfcribbon-ms</Extensions>
    </Filter>
    <Filter Include="Source Files\Utils">
      <UniqueIdentifier>{b0a5ae49-2842-48ad-b7e5-5e21b8dad7e9}</UniqueIdentifier>
    </Filter>
    <Filter Include="Header Files\Utils">
      <UniqueIdentifier>{14c7d54c-c766-4ae6-a7db-7b5c13668208}</UniqueIdentifier>
    </Filter>
    <Filter Include="Source Files\Scene">
      <UniqueIdentifier>{006c7af8-1133-44ed-abbd-2f07ed430718}</UniqueIdentifier>
    </Filter>
    <Filter Include="Header Files\Scene">
      <UniqueIdentifier>{0a267619-df4d-418e-9cf4-1b3ec517825b}</UniqueIdentifier>
    </Filter>
    <Filter Include="Header Files\Math">
      <UniqueIdentifier>{7f46b3a9-5661-46a1-b897-fc5ae033ee3a}</UniqueIdentifier>
    </Filter>
    <Filter Include="Header Files\Tracer">
      <UniqueIdentifier>{7601694c-e0f4-4cca-a971-dd0bf919cf8b}</UniqueIdentifier>
    </Filter>
    <Filter Include="Source Files\Tracer">
      <UniqueIdentifier>{e674d046-520c-467d-aa68-b097d737b324}</UniqueIdentifier>
    </Filter>
    <Filter Include="Header Files\Scene\Acceleration">
      <UniqueIdentifier>{3f7b1173-1805-4256-8736-bac6a96fc7c7}</UniqueIdentifier>
    </Filter>
    <Filter Include="Source Files\Scene\Acceleration">
      <UniqueIdentifier>{78c21ae7-e095-45cf-a768-b7ee0ded00ce}</UniqueIdentifier>
    </Filter>
    <Filter Include="Header Files\Tracer\Helpers">
      <UniqueIdentifier>{67bc39fa-3b4b-4bf4-a315-a752ed1a014a}</UniqueIdentifier>
    </Filter>
    <Filter Include="Header Files\Camera">
      <UniqueIdentifier>{20bf7a83-c180-48b5-b513-37139117d0e6}</UniqueIdentifier>
    </Filter>
    <Filter Include="Source Files\Camera">
      <UniqueIdentifier>{890191fa-3981-47bd-b378-b80d72096a39}</UniqueIdentifier>
    </Filter>
    <Filter Include="Header Files\Primitives">
      <UniqueIdentifier>{2d10adfa-b849-4661-9e2a-ce76b54619d8}</UniqueIdentifier>
    </Filter>
    <Filter Include="Source Files\Primitives">
      <UniqueIdentifier>{4d8b28c3-801c-4244-a8ae-8b33cd826eb9}</UniqueIdentifier>
    </Filter>
    <Filter Include="Header Files\Sampler">
      <UniqueIdentifier>{2a3b66e4-3bc5-4ae4-bacc-badfc55cc443}</UniqueIdentifier>
    </Filter>
    <Filter Include="Source Files\Sampler">
      <UniqueIdentifier>{5a08c585-2269-4540-ac54-44c5c8113337}</UniqueIdentifier>
    </Filter>
  </ItemGroup>
  <ItemGroup>
    <ClCompile Include="main.cpp">
      <Filter>Source Files</Filter>
    </ClCompile>
    <ClCompile Include="Utils\Timer.cpp">
      <Filter>Source Files\Utils</Filter>
    </ClCompile>
    <ClCompile Include="Utils\Utils.cpp">
      <Filter>Source Files\Utils</Filter>
    </ClCompile>
    <ClCompile Include="Utils\Log.cpp">
      <Filter>Source Files\Utils</Filter>
    </ClCompile>
    <ClCompile Include="Renderer.cpp">
      <Filter>Source Files</Filter>
    </ClCompile>
    <ClCompile Include="Tracer.cpp">
      <Filter>Source Files\Tracer</Filter>
    </ClCompile>
    <ClCompile Include="PathTracer.cpp">
      <Filter>Source Files\Tracer</Filter>
    </ClCompile>
    <ClCompile Include="Accelerator.cpp">
      <Filter>Source Files\Scene\Acceleration</Filter>
    </ClCompile>
    <ClCompile Include="Octree.cpp">
      <Filter>Source Files\Scene\Acceleration</Filter>
    </ClCompile>
    <ClCompile Include="NoAccel.cpp">
      <Filter>Source Files\Scene\Acceleration</Filter>
    </ClCompile>
    <ClCompile Include="Scene.cpp">
      <Filter>Source Files\Scene</Filter>
    </ClCompile>
    <ClCompile Include="Camera.cpp">
      <Filter>Source Files\Camera</Filter>
    </ClCompile>
    <ClCompile Include="Hitable.cpp">
      <Filter>Source Files\Primitives</Filter>
    </ClCompile>
    <ClCompile Include="Triangle.cpp">
      <Filter>Source Files\Primitives</Filter>
    </ClCompile>
    <ClCompile Include="Sphere.cpp">
      <Filter>Source Files\Primitives</Filter>
    </ClCompile>
    <ClCompile Include="BoundingBox.cpp">
      <Filter>Source Files\Primitives</Filter>
    </ClCompile>
    <ClCompile Include="Material.cpp">
      <Filter>Source Files\Primitives</Filter>
    </ClCompile>
    <ClCompile Include="Application.cpp">
      <Filter>Source Files</Filter>
    </ClCompile>
    <ClCompile Include="Sampler.cpp">
      <Filter>Source Files\Sampler</Filter>
    </ClCompile>
    <ClCompile Include="SceneBuilder.cpp">
      <Filter>Source Files\Scene</Filter>
    </ClCompile>
    <ClCompile Include="PinholeCamera.cpp">
      <Filter>Source Files\Camera</Filter>
    </ClCompile>
    <ClCompile Include="PixelBuffer.cpp">
      <Filter>Source Files\Scene</Filter>
    </ClCompile>
    <ClCompile Include="WhittedTracer.cpp">
      <Filter>Source Files\Tracer</Filter>
    </ClCompile>
    <ClCompile Include="Parallelogram.cpp">
      <Filter>Source Files\Primitives</Filter>
    </ClCompile>
    <ClCompile Include="Texture.cpp">
      <Filter>Source Files\Scene</Filter>
    </ClCompile>
  </ItemGroup>
  <ItemGroup>
    <ClInclude Include="Utils\Log.h">
      <Filter>Header Files\Utils</Filter>
    </ClInclude>
    <ClInclude Include="Utils\Timer.h">
      <Filter>Header Files\Utils</Filter>
    </ClInclude>
    <ClInclude Include="Utils\Type.h">
      <Filter>Header Files\Utils</Filter>
    </ClInclude>
    <ClInclude Include="Utils\Utils.h">
      <Filter>Header Files\Utils</Filter>
    </ClInclude>
    <ClInclude Include="Config.h">
      <Filter>Header Files</Filter>
    </ClInclude>
    <ClInclude Include="Renderer.h">
      <Filter>Header Files</Filter>
    </ClInclude>
    <ClInclude Include="Types.h">
      <Filter>Header Files\Math</Filter>
    </ClInclude>
    <ClInclude Include="Ray.h">
      <Filter>Header Files\Tracer</Filter>
    </ClInclude>
    <ClInclude Include="Tracer.h">
      <Filter>Header Files\Tracer</Filter>
    </ClInclude>
    <ClInclude Include="Matrix4.h">
      <Filter>Header Files\Math</Filter>
    </ClInclude>
    <ClInclude Include="Vector3.h">
      <Filter>Header Files\Math</Filter>
    </ClInclude>
    <ClInclude Include="Vector4.h">
      <Filter>Header Files\Math</Filter>
    </ClInclude>
    <ClInclude Include="PathTracer.h">
      <Filter>Header Files\Tracer</Filter>
    </ClInclude>
    <ClInclude Include="Vector2.h">
      <Filter>Header Files\Math</Filter>
    </ClInclude>
    <ClInclude Include="Accelerator.h">
      <Filter>Header Files\Scene\Acceleration</Filter>
    </ClInclude>
    <ClInclude Include="Octree.h">
      <Filter>Header Files\Scene\Acceleration</Filter>
    </ClInclude>
    <ClInclude Include="NoAccel.h">
      <Filter>Header Files\Scene\Acceleration</Filter>
    </ClInclude>
    <ClInclude Include="Scene.h">
      <Filter>Header Files\Scene</Filter>
    </ClInclude>
    <ClInclude Include="Onb.h">
      <Filter>Header Files\Tracer\Helpers</Filter>
    </ClInclude>
    <ClInclude Include="Quaternion.h">
      <Filter>Header Files\Math</Filter>
    </ClInclude>
    <ClInclude Include="Camera.h">
      <Filter>Header Files\Camera</Filter>
    </ClInclude>
    <ClInclude Include="Hitable.h">
      <Filter>Header Files\Primitives</Filter>
    </ClInclude>
    <ClInclude Include="Triangle.h">
      <Filter>Header Files\Primitives</Filter>
    </ClInclude>
    <ClInclude Include="Sphere.h">
      <Filter>Header Files\Primitives</Filter>
    </ClInclude>
    <ClInclude Include="BoundingBox.h">
      <Filter>Header Files\Primitives</Filter>
    </ClInclude>
    <ClInclude Include="Material.h">
      <Filter>Header Files\Primitives</Filter>
    </ClInclude>
    <ClInclude Include="Application.h">
      <Filter>Header Files</Filter>
    </ClInclude>
    <ClInclude Include="Random.h">
      <Filter>Header Files\Sampler</Filter>
    </ClInclude>
    <ClInclude Include="Sampler.h">
      <Filter>Header Files\Sampler</Filter>
    </ClInclude>
    <ClInclude Include="SceneBuilder.h">
      <Filter>Header Files\Scene</Filter>
    </ClInclude>
    <ClInclude Include="PinholeCamera.h">
      <Filter>Header Files\Camera</Filter>
    </ClInclude>
    <ClInclude Include="PixelBuffer.h">
      <Filter>Header Files\Scene</Filter>
    </ClInclude>
    <ClInclude Include="WhittedTracer.h">
      <Filter>Header Files\Tracer</Filter>
    </ClInclude>
    <ClInclude Include="Parallelogram.h">
      <Filter>Header Files\Primitives</Filter>
    </ClInclude>
    <ClInclude Include="Texture.h">
      <Filter>Header Files\Scene</Filter>
    </ClInclude>
    <ClInclude Include="Math.h">
      <Filter>Header Files\Utils</Filter>
    </ClInclude>
  </ItemGroup>
</Project>