<?xml version="1.0" encoding="utf-8"?>
<Project ToolsVersion="4.0" xmlns="http://schemas.microsoft.com/developer/msbuild/2003">
  <ItemGroup>
    <Filter Include="Source Files">
      <UniqueIdentifier>{4FC737F1-C7A5-4376-A066-2A32D752A2FF}</UniqueIdentifier>
      <Extensions>cpp;c;cc;cxx;def;odl;idl;hpj;bat;asm;asmx</Extensions>
    </Filter>
    <Filter Include="Header Files">
      <UniqueIdentifier>{93995380-89BD-4b04-88EB-625FBE52EBFB}</UniqueIdentifier>
      <Extensions>h;hh;hpp;hxx;hm;inl;inc;xsd</Extensions>
    </Filter>
    <Filter Include="Resource Files">
      <UniqueIdentifier>{67DA6AB6-F800-4c08-8B7A-83BB121AAD01}</UniqueIdentifier>
      <Extensions>rc;ico;cur;bmp;dlg;rc2;rct;bin;rgs;gif;jpg;jpeg;jpe;resx;tiff;tif;png;wav;mfcribbon-ms</Extensions>
    </Filter>
    <Filter Include="Header Files\Camera">
      <UniqueIdentifier>{aa192e70-9fa1-4a65-8d16-648963dfc979}</UniqueIdentifier>
    </Filter>
    <Filter Include="Header Files\Lights">
      <UniqueIdentifier>{5553454f-481c-4046-8745-39b0191093d2}</UniqueIdentifier>
    </Filter>
    <Filter Include="Header Files\Math">
      <UniqueIdentifier>{3f836c4c-8e88-479a-b01d-305be72e336a}</UniqueIdentifier>
    </Filter>
    <Filter Include="Header Files\Primitives">
      <UniqueIdentifier>{d1fb203f-c489-46eb-a923-dac41bc00260}</UniqueIdentifier>
    </Filter>
    <Filter Include="Header Files\Sampler">
      <UniqueIdentifier>{8af80c32-6d9d-42ae-aeeb-5a8004786917}</UniqueIdentifier>
    </Filter>
    <Filter Include="Header Files\Scene">
      <UniqueIdentifier>{3bc938a0-52c4-4a40-8d88-211e832ba33a}</UniqueIdentifier>
    </Filter>
    <Filter Include="Header Files\Scene\Acceleration">
      <UniqueIdentifier>{4715e072-b89b-4ebd-b232-b1f2ab996eb1}</UniqueIdentifier>
    </Filter>
    <Filter Include="Header Files\Tracer">
      <UniqueIdentifier>{758eade0-92e6-40a7-854e-deaddb3f6095}</UniqueIdentifier>
    </Filter>
    <Filter Include="Header Files\Tracer\Helpers">
      <UniqueIdentifier>{860311e4-cd6e-4dc3-9d12-f98d81f5c171}</UniqueIdentifier>
    </Filter>
    <Filter Include="Header Files\Utils">
      <UniqueIdentifier>{f8de84e6-a9f1-4507-bb30-fc0f001c1533}</UniqueIdentifier>
    </Filter>
    <Filter Include="Source Files\Camera">
      <UniqueIdentifier>{4d8ebcb6-e677-454f-8662-16798a6665e8}</UniqueIdentifier>
    </Filter>
    <Filter Include="Source Files\Lights">
      <UniqueIdentifier>{181e8d3f-7bf1-4fa4-8f85-5ad6c26c0a0c}</UniqueIdentifier>
    </Filter>
    <Filter Include="Source Files\Primitives">
      <UniqueIdentifier>{2ed6ba05-8dbb-46a5-9ef4-31e2075f5ebc}</UniqueIdentifier>
    </Filter>
    <Filter Include="Source Files\Sampler">
      <UniqueIdentifier>{988c6c42-f9ba-4710-81b1-99f21afae3d6}</UniqueIdentifier>
    </Filter>
    <Filter Include="Source Files\Scene">
      <UniqueIdentifier>{0864e4d0-5fb3-4800-9a1f-c22f75dd2e59}</UniqueIdentifier>
    </Filter>
    <Filter Include="Source Files\Scene\Acceleration">
      <UniqueIdentifier>{502d7cb1-7a56-453f-b93e-d347794a415f}</UniqueIdentifier>
    </Filter>
    <Filter Include="Source Files\Tracer">
      <UniqueIdentifier>{53dd5c97-19d3-443e-9120-69874a6c48d6}</UniqueIdentifier>
    </Filter>
    <Filter Include="Source Files\Utils">
      <UniqueIdentifier>{e2590d93-aff7-4218-afcb-9da358475e7b}</UniqueIdentifier>
    </Filter>
  </ItemGroup>
  <ItemGroup>
    <ClInclude Include="Camera.h">
      <Filter>Header Files\Camera</Filter>
    </ClInclude>
    <ClInclude Include="PinholeCamera.h">
      <Filter>Header Files\Camera</Filter>
    </ClInclude>
    <ClInclude Include="Light.h">
      <Filter>Header Files\Lights</Filter>
    </ClInclude>
    <ClInclude Include="PointLight.h">
      <Filter>Header Files\Lights</Filter>
    </ClInclude>
    <ClInclude Include="Matrix3.h">
      <Filter>Header Files\Math</Filter>
    </ClInclude>
    <ClInclude Include="Matrix4.h">
      <Filter>Header Files\Math</Filter>
    </ClInclude>
    <ClInclude Include="Quaternion.h">
      <Filter>Header Files\Math</Filter>
    </ClInclude>
    <ClInclude Include="Types.h">
      <Filter>Header Files\Math</Filter>
    </ClInclude>
    <ClInclude Include="Vector2.h">
      <Filter>Header Files\Math</Filter>
    </ClInclude>
    <ClInclude Include="Vector3.h">
      <Filter>Header Files\Math</Filter>
    </ClInclude>
    <ClInclude Include="Vector4.h">
      <Filter>Header Files\Math</Filter>
    </ClInclude>
    <ClInclude Include="BoundingBox.h">
      <Filter>Header Files\Primitives</Filter>
    </ClInclude>
    <ClInclude Include="Hitable.h">
      <Filter>Header Files\Primitives</Filter>
    </ClInclude>
    <ClInclude Include="Material.h">
      <Filter>Header Files\Primitives</Filter>
    </ClInclude>
    <ClInclude Include="Parallelogram.h">
      <Filter>Header Files\Primitives</Filter>
    </ClInclude>
    <ClInclude Include="Sphere.h">
      <Filter>Header Files\Primitives</Filter>
    </ClInclude>
    <ClInclude Include="Triangle.h">
      <Filter>Header Files\Primitives</Filter>
    </ClInclude>
    <ClInclude Include="Random.h">
      <Filter>Header Files\Sampler</Filter>
    </ClInclude>
    <ClInclude Include="Sampler.h">
      <Filter>Header Files\Sampler</Filter>
    </ClInclude>
    <ClInclude Include="PixelBuffer.h">
      <Filter>Header Files\Scene</Filter>
    </ClInclude>
    <ClInclude Include="Scene.h">
      <Filter>Header Files\Scene</Filter>
    </ClInclude>
    <ClInclude Include="SceneBuilder.h">
      <Filter>Header Files\Scene</Filter>
    </ClInclude>
    <ClInclude Include="Texture.h">
      <Filter>Header Files\Scene</Filter>
    </ClInclude>
    <ClInclude Include="Accelerator.h">
      <Filter>Header Files\Scene\Acceleration</Filter>
    </ClInclude>
    <ClInclude Include="BVH.h">
      <Filter>Header Files\Scene\Acceleration</Filter>
    </ClInclude>
    <ClInclude Include="NoAccel.h">
      <Filter>Header Files\Scene\Acceleration</Filter>
    </ClInclude>
    <ClInclude Include="Octree.h">
      <Filter>Header Files\Scene\Acceleration</Filter>
    </ClInclude>
    <ClInclude Include="PathTracer.h">
      <Filter>Header Files\Tracer</Filter>
    </ClInclude>
    <ClInclude Include="Ray.h">
      <Filter>Header Files\Tracer</Filter>
    </ClInclude>
    <ClInclude Include="Tracer.h">
      <Filter>Header Files\Tracer</Filter>
    </ClInclude>
    <ClInclude Include="WhittedTracer.h">
      <Filter>Header Files\Tracer</Filter>
    </ClInclude>
    <ClInclude Include="Onb.h">
      <Filter>Header Files\Tracer\Helpers</Filter>
    </ClInclude>
    <ClInclude Include="Location.h">
      <Filter>Header Files\Utils</Filter>
    </ClInclude>
    <ClInclude Include="Time.h">
      <Filter>Header Files\Utils</Filter>
    </ClInclude>
    <ClInclude Include="Utils\Log.h">
      <Filter>Header Files\Utils</Filter>
    </ClInclude>
    <ClInclude Include="Utils\Timer.h">
      <Filter>Header Files\Utils</Filter>
    </ClInclude>
    <ClInclude Include="Utils\Type.h">
      <Filter>Header Files\Utils</Filter>
    </ClInclude>
    <ClInclude Include="Config.h">
      <Filter>Header Files</Filter>
    </ClInclude>
    <ClInclude Include="Renderer.h">
      <Filter>Header Files</Filter>
    </ClInclude>
    <ClInclude Include="Mathematic.h">
      <Filter>Header Files\Utils</Filter>
    </ClInclude>
  </ItemGroup>
  <ItemGroup>
    <ClCompile Include="Camera.cpp">
      <Filter>Source Files\Camera</Filter>
    </ClCompile>
    <ClCompile Include="PinholeCamera.cpp">
      <Filter>Source Files\Camera</Filter>
    </ClCompile>
    <ClCompile Include="Light.cpp">
      <Filter>Source Files\Lights</Filter>
    </ClCompile>
    <ClCompile Include="PointLight.cpp">
      <Filter>Source Files\Lights</Filter>
    </ClCompile>
    <ClCompile Include="BoundingBox.cpp">
      <Filter>Source Files\Primitives</Filter>
    </ClCompile>
    <ClCompile Include="Material.cpp">
      <Filter>Source Files\Primitives</Filter>
    </ClCompile>
    <ClCompile Include="Parallelogram.cpp">
      <Filter>Source Files\Primitives</Filter>
    </ClCompile>
    <ClCompile Include="Sphere.cpp">
      <Filter>Source Files\Primitives</Filter>
    </ClCompile>
    <ClCompile Include="Triangle.cpp">
      <Filter>Source Files\Primitives</Filter>
    </ClCompile>
    <ClCompile Include="Sampler.cpp">
      <Filter>Source Files\Sampler</Filter>
    </ClCompile>
    <ClCompile Include="PixelBuffer.cpp">
      <Filter>Source Files\Scene</Filter>
    </ClCompile>
    <ClCompile Include="Scene.cpp">
      <Filter>Source Files\Scene</Filter>
    </ClCompile>
    <ClCompile Include="SceneBuilder.cpp">
      <Filter>Source Files\Scene</Filter>
    </ClCompile>
    <ClCompile Include="Texture.cpp">
      <Filter>Source Files\Scene</Filter>
    </ClCompile>
    <ClCompile Include="Accelerator.cpp">
      <Filter>Source Files\Scene\Acceleration</Filter>
    </ClCompile>
    <ClCompile Include="BVH.cpp">
      <Filter>Source Files\Scene\Acceleration</Filter>
    </ClCompile>
    <ClCompile Include="NoAccel.cpp">
      <Filter>Source Files\Scene\Acceleration</Filter>
    </ClCompile>
    <ClCompile Include="Octree.cpp">
      <Filter>Source Files\Scene\Acceleration</Filter>
    </ClCompile>
    <ClCompile Include="PathTracer.cpp">
      <Filter>Source Files\Tracer</Filter>
    </ClCompile>
    <ClCompile Include="Tracer.cpp">
      <Filter>Source Files\Tracer</Filter>
    </ClCompile>
    <ClCompile Include="WhittedTracer.cpp">
      <Filter>Source Files\Tracer</Filter>
    </ClCompile>
    <ClCompile Include="Utils\Timer.cpp">
      <Filter>Source Files\Utils</Filter>
    </ClCompile>
    <ClCompile Include="Renderer.cpp">
      <Filter>Source Files</Filter>
    </ClCompile>
  </ItemGroup>
</Project>